
Microsoft Visual Studio Solution File, Format Version 12.00
# Visual Studio Version 16
VisualStudioVersion = 16.0.31005.135
MinimumVisualStudioVersion = 10.0.40219.1
Project("{FAE04EC0-301F-11D3-BF4B-00C04F79EFBC}") = "StatementsTutorial", "StatementsTutorial\StatementsTutorial.csproj", "{A45B650D-0DB0-44AA-BCB3-534898ABAA85}"
EndProject
Global
	GlobalSection(SolutionConfigurationPlatforms) = preSolution
		Debug|Any CPU = Debug|Any CPU
		Release|Any CPU = Release|Any CPU
	EndGlobalSection
	GlobalSection(ProjectConfigurationPlatforms) = postSolution
		{A45B650D-0DB0-44AA-BCB3-534898ABAA85}.Debug|Any CPU.ActiveCfg = Debug|Any CPU
		{A45B650D-0DB0-44AA-BCB3-534898ABAA85}.Debug|Any CPU.Build.0 = Debug|Any CPU
		{A45B650D-0DB0-44AA-BCB3-534898ABAA85}.Release|Any CPU.ActiveCfg = Release|Any CPU
		{A45B650D-0DB0-44AA-BCB3-534898ABAA85}.Release|Any CPU.Build.0 = Release|Any CPU
	EndGlobalSection
	GlobalSection(SolutionProperties) = preSolution
		HideSolutionNode = FALSE
	EndGlobalSection
	GlobalSection(ExtensibilityGlobals) = postSolution
		SolutionGuid = {1AA0547E-DE50-41E7-8D7D-9425747E7286}
	EndGlobalSection
EndGlobal
